
Microsoft Visual Studio Solution File, Format Version 12.00
# Visual Studio 15
Project("{FAE04EC0-301F-11D3-BF4B-00C04F79EFBC}") = "Rogue-like", "Assembly-CSharp.csproj", "{45EDEB9B-7F35-13AE-1AA0-7C8906065B5A}"
EndProject
Global
	GlobalSection(SolutionConfigurationPlatforms) = preSolution
		Debug|Any CPU = Debug|Any CPU
		Release|Any CPU = Release|Any CPU
	EndGlobalSection
	GlobalSection(ProjectConfigurationPlatforms) = postSolution
		{45EDEB9B-7F35-13AE-1AA0-7C8906065B5A}.Debug|Any CPU.ActiveCfg = Debug|Any CPU
		{45EDEB9B-7F35-13AE-1AA0-7C8906065B5A}.Debug|Any CPU.Build.0 = Debug|Any CPU
		{45EDEB9B-7F35-13AE-1AA0-7C8906065B5A}.Release|Any CPU.ActiveCfg = Release|Any CPU
		{45EDEB9B-7F35-13AE-1AA0-7C8906065B5A}.Release|Any CPU.Build.0 = Release|Any CPU
	EndGlobalSection
	GlobalSection(SolutionProperties) = preSolution
		HideSolutionNode = FALSE
	EndGlobalSection
EndGlobal
